
Microsoft Visual Studio Solution File, Format Version 12.00
# Visual Studio Version 17
VisualStudioVersion = 17.0.32002.185
MinimumVisualStudioVersion = 10.0.40219.1
Project("{9A19103F-16F7-4668-BE54-9A1E7A4F7556}") = "Ibis", "Ibis.Features\Ibis.csproj", "{62A8737B-9E2B-448A-9BE9-58BD2E9F9670}"
EndProject
Project("{9A19103F-16F7-4668-BE54-9A1E7A4F7556}") = "Sparc.Ibis", "Sparc.Ibis\Sparc.Ibis.csproj", "{9A32F7A0-DA49-4E49-AD05-2D4C8A9CC54C}"
EndProject
Project("{9A19103F-16F7-4668-BE54-9A1E7A4F7556}") = "Ibis.Ink", "Ibis.Ink\Ibis.Ink.csproj", "{1F1A9960-465E-46A6-85C4-6A752E0D91AA}"
EndProject
Project("{2150E333-8FDC-42A3-9474-1A3956D46DE8}") = "Apps", "Apps", "{291C03C5-E3ED-4C94-9A92-C3939ECCC3C0}"
EndProject
Project("{9A19103F-16F7-4668-BE54-9A1E7A4F7556}") = "Ibis.Chat", "Ibis.Chat\Ibis.Chat.csproj", "{F6C44664-C22B-45C6-97F3-A2408A925456}"
EndProject
Global
	GlobalSection(SolutionConfigurationPlatforms) = preSolution
		Debug|Any CPU = Debug|Any CPU
		Debug|x64 = Debug|x64
		Release|Any CPU = Release|Any CPU
		Release|x64 = Release|x64
	EndGlobalSection
	GlobalSection(ProjectConfigurationPlatforms) = postSolution
		{62A8737B-9E2B-448A-9BE9-58BD2E9F9670}.Debug|Any CPU.ActiveCfg = Debug|Any CPU
		{62A8737B-9E2B-448A-9BE9-58BD2E9F9670}.Debug|Any CPU.Build.0 = Debug|Any CPU
		{62A8737B-9E2B-448A-9BE9-58BD2E9F9670}.Debug|x64.ActiveCfg = Debug|x64
		{62A8737B-9E2B-448A-9BE9-58BD2E9F9670}.Debug|x64.Build.0 = Debug|x64
		{62A8737B-9E2B-448A-9BE9-58BD2E9F9670}.Release|Any CPU.ActiveCfg = Release|Any CPU
		{62A8737B-9E2B-448A-9BE9-58BD2E9F9670}.Release|Any CPU.Build.0 = Release|Any CPU
		{62A8737B-9E2B-448A-9BE9-58BD2E9F9670}.Release|x64.ActiveCfg = Release|x64
		{62A8737B-9E2B-448A-9BE9-58BD2E9F9670}.Release|x64.Build.0 = Release|x64
		{9A32F7A0-DA49-4E49-AD05-2D4C8A9CC54C}.Debug|Any CPU.ActiveCfg = Debug|Any CPU
		{9A32F7A0-DA49-4E49-AD05-2D4C8A9CC54C}.Debug|Any CPU.Build.0 = Debug|Any CPU
		{9A32F7A0-DA49-4E49-AD05-2D4C8A9CC54C}.Debug|x64.ActiveCfg = Debug|Any CPU
		{9A32F7A0-DA49-4E49-AD05-2D4C8A9CC54C}.Debug|x64.Build.0 = Debug|Any CPU
		{9A32F7A0-DA49-4E49-AD05-2D4C8A9CC54C}.Release|Any CPU.ActiveCfg = Release|Any CPU
		{9A32F7A0-DA49-4E49-AD05-2D4C8A9CC54C}.Release|Any CPU.Build.0 = Release|Any CPU
		{9A32F7A0-DA49-4E49-AD05-2D4C8A9CC54C}.Release|x64.ActiveCfg = Release|Any CPU
		{9A32F7A0-DA49-4E49-AD05-2D4C8A9CC54C}.Release|x64.Build.0 = Release|Any CPU
		{1F1A9960-465E-46A6-85C4-6A752E0D91AA}.Debug|Any CPU.ActiveCfg = Debug|Any CPU
		{1F1A9960-465E-46A6-85C4-6A752E0D91AA}.Debug|Any CPU.Build.0 = Debug|Any CPU
		{1F1A9960-465E-46A6-85C4-6A752E0D91AA}.Debug|x64.ActiveCfg = Debug|Any CPU
		{1F1A9960-465E-46A6-85C4-6A752E0D91AA}.Debug|x64.Build.0 = Debug|Any CPU
		{1F1A9960-465E-46A6-85C4-6A752E0D91AA}.Release|Any CPU.ActiveCfg = Release|Any CPU
		{1F1A9960-465E-46A6-85C4-6A752E0D91AA}.Release|Any CPU.Build.0 = Release|Any CPU
		{1F1A9960-465E-46A6-85C4-6A752E0D91AA}.Release|x64.ActiveCfg = Release|Any CPU
		{1F1A9960-465E-46A6-85C4-6A752E0D91AA}.Release|x64.Build.0 = Release|Any CPU
		{F6C44664-C22B-45C6-97F3-A2408A925456}.Debug|Any CPU.ActiveCfg = Debug|Any CPU
		{F6C44664-C22B-45C6-97F3-A2408A925456}.Debug|Any CPU.Build.0 = Debug|Any CPU
		{F6C44664-C22B-45C6-97F3-A2408A925456}.Debug|x64.ActiveCfg = Debug|Any CPU
		{F6C44664-C22B-45C6-97F3-A2408A925456}.Debug|x64.Build.0 = Debug|Any CPU
		{F6C44664-C22B-45C6-97F3-A2408A925456}.Release|Any CPU.ActiveCfg = Release|Any CPU
		{F6C44664-C22B-45C6-97F3-A2408A925456}.Release|Any CPU.Build.0 = Release|Any CPU
		{F6C44664-C22B-45C6-97F3-A2408A925456}.Release|x64.ActiveCfg = Release|Any CPU
		{F6C44664-C22B-45C6-97F3-A2408A925456}.Release|x64.Build.0 = Release|Any CPU
	EndGlobalSection
	GlobalSection(SolutionProperties) = preSolution
		HideSolutionNode = FALSE
	EndGlobalSection
	GlobalSection(NestedProjects) = preSolution
		{9A32F7A0-DA49-4E49-AD05-2D4C8A9CC54C} = {291C03C5-E3ED-4C94-9A92-C3939ECCC3C0}
		{1F1A9960-465E-46A6-85C4-6A752E0D91AA} = {291C03C5-E3ED-4C94-9A92-C3939ECCC3C0}
		{F6C44664-C22B-45C6-97F3-A2408A925456} = {291C03C5-E3ED-4C94-9A92-C3939ECCC3C0}
	EndGlobalSection
	GlobalSection(ExtensibilityGlobals) = postSolution
		SolutionGuid = {D5D85848-3DD9-45A1-A5F3-4A8CD10F5AAC}
	EndGlobalSection
EndGlobal
