
Microsoft Visual Studio Solution File, Format Version 12.00
# Visual Studio Version 17
VisualStudioVersion = 17.0.32002.185
MinimumVisualStudioVersion = 10.0.40219.1
Project("{9A19103F-16F7-4668-BE54-9A1E7A4F7556}") = "Ibis.Web", "Ibis.Web\Ibis.Web.csproj", "{0213E4A9-F287-4259-B95D-B628D61ABF1C}"
EndProject
Project("{9A19103F-16F7-4668-BE54-9A1E7A4F7556}") = "Ibis.Features", "Ibis.Features\Ibis.Features.csproj", "{62A8737B-9E2B-448A-9BE9-58BD2E9F9670}"
EndProject
Global
	GlobalSection(SolutionConfigurationPlatforms) = preSolution
		Debug|Any CPU = Debug|Any CPU
		Debug|x64 = Debug|x64
		Release|Any CPU = Release|Any CPU
		Release|x64 = Release|x64
	EndGlobalSection
	GlobalSection(ProjectConfigurationPlatforms) = postSolution
		{0213E4A9-F287-4259-B95D-B628D61ABF1C}.Debug|Any CPU.ActiveCfg = Debug|Any CPU
		{0213E4A9-F287-4259-B95D-B628D61ABF1C}.Debug|Any CPU.Build.0 = Debug|Any CPU
		{0213E4A9-F287-4259-B95D-B628D61ABF1C}.Debug|x64.ActiveCfg = Debug|Any CPU
		{0213E4A9-F287-4259-B95D-B628D61ABF1C}.Debug|x64.Build.0 = Debug|Any CPU
		{0213E4A9-F287-4259-B95D-B628D61ABF1C}.Release|Any CPU.ActiveCfg = Release|Any CPU
		{0213E4A9-F287-4259-B95D-B628D61ABF1C}.Release|Any CPU.Build.0 = Release|Any CPU
		{0213E4A9-F287-4259-B95D-B628D61ABF1C}.Release|x64.ActiveCfg = Release|Any CPU
		{0213E4A9-F287-4259-B95D-B628D61ABF1C}.Release|x64.Build.0 = Release|Any CPU
		{62A8737B-9E2B-448A-9BE9-58BD2E9F9670}.Debug|Any CPU.ActiveCfg = Debug|Any CPU
		{62A8737B-9E2B-448A-9BE9-58BD2E9F9670}.Debug|Any CPU.Build.0 = Debug|Any CPU
		{62A8737B-9E2B-448A-9BE9-58BD2E9F9670}.Debug|x64.ActiveCfg = Debug|x64
		{62A8737B-9E2B-448A-9BE9-58BD2E9F9670}.Debug|x64.Build.0 = Debug|x64
		{62A8737B-9E2B-448A-9BE9-58BD2E9F9670}.Release|Any CPU.ActiveCfg = Release|Any CPU
		{62A8737B-9E2B-448A-9BE9-58BD2E9F9670}.Release|Any CPU.Build.0 = Release|Any CPU
		{62A8737B-9E2B-448A-9BE9-58BD2E9F9670}.Release|x64.ActiveCfg = Release|x64
		{62A8737B-9E2B-448A-9BE9-58BD2E9F9670}.Release|x64.Build.0 = Release|x64
	EndGlobalSection
	GlobalSection(SolutionProperties) = preSolution
		HideSolutionNode = FALSE
	EndGlobalSection
	GlobalSection(ExtensibilityGlobals) = postSolution
		SolutionGuid = {D5D85848-3DD9-45A1-A5F3-4A8CD10F5AAC}
	EndGlobalSection
EndGlobal
