
Microsoft Visual Studio Solution File, Format Version 12.00
# Visual Studio Version 16
VisualStudioVersion = 16.0.30523.141
MinimumVisualStudioVersion = 10.0.40219.1
Project("{9A19103F-16F7-4668-BE54-9A1E7A4F7556}") = "Transcriber.Plugins", "Transcriber.Plugins\Transcriber.Plugins.csproj", "{3118280A-FFC7-429C-92B5-74DB42DC6B63}"
EndProject
Project("{9A19103F-16F7-4668-BE54-9A1E7A4F7556}") = "Transcriber.Core", "Transcriber.Core\Transcriber.Core.csproj", "{D18B2DC4-0B71-4D0B-8A1F-EAA3B2661710}"
EndProject
Project("{9A19103F-16F7-4668-BE54-9A1E7A4F7556}") = "IbisTranscriber.NETCore", "IbisTranscriber.NETCore\IbisTranscriber.NETCore.csproj", "{07E24552-B311-495A-BB69-9F29E7D36752}"
EndProject
Project("{9A19103F-16F7-4668-BE54-9A1E7A4F7556}") = "Kuvio.Kernel.Core", "Kuvio.Kernel.Core\Kuvio.Kernel.Core.csproj", "{2DB3075B-AC8D-4A13-AAE8-41F749B4EA32}"
EndProject
Project("{9A19103F-16F7-4668-BE54-9A1E7A4F7556}") = "Kuvio.Kernel.Database.Cosmos", "Kuvio.Kernel.Database.Cosmos\Kuvio.Kernel.Database.Cosmos.csproj", "{C95AC181-1E3F-4B9D-BE41-0B95199E47FF}"
EndProject
Project("{9A19103F-16F7-4668-BE54-9A1E7A4F7556}") = "Kuvio.Kernel.Storage.Azure", "Kuvio.Kernel.Storage.Azure\Kuvio.Kernel.Storage.Azure.csproj", "{DCACAEEB-1B1E-40F4-ACD8-77E9A26C6395}"
EndProject
Project("{9A19103F-16F7-4668-BE54-9A1E7A4F7556}") = "IbisTranscriber.AzureFunctions", "IbisTranscriber.AzureFunctions\IbisTranscriber.AzureFunctions.csproj", "{877B5B56-1DA0-4C6E-B160-1CF03AF182C1}"
EndProject
Global
	GlobalSection(SolutionConfigurationPlatforms) = preSolution
		Debug|Any CPU = Debug|Any CPU
		Release|Any CPU = Release|Any CPU
	EndGlobalSection
	GlobalSection(ProjectConfigurationPlatforms) = postSolution
		{3118280A-FFC7-429C-92B5-74DB42DC6B63}.Debug|Any CPU.ActiveCfg = Debug|Any CPU
		{3118280A-FFC7-429C-92B5-74DB42DC6B63}.Debug|Any CPU.Build.0 = Debug|Any CPU
		{3118280A-FFC7-429C-92B5-74DB42DC6B63}.Release|Any CPU.ActiveCfg = Release|Any CPU
		{3118280A-FFC7-429C-92B5-74DB42DC6B63}.Release|Any CPU.Build.0 = Release|Any CPU
		{D18B2DC4-0B71-4D0B-8A1F-EAA3B2661710}.Debug|Any CPU.ActiveCfg = Debug|Any CPU
		{D18B2DC4-0B71-4D0B-8A1F-EAA3B2661710}.Debug|Any CPU.Build.0 = Debug|Any CPU
		{D18B2DC4-0B71-4D0B-8A1F-EAA3B2661710}.Release|Any CPU.ActiveCfg = Release|Any CPU
		{D18B2DC4-0B71-4D0B-8A1F-EAA3B2661710}.Release|Any CPU.Build.0 = Release|Any CPU
		{07E24552-B311-495A-BB69-9F29E7D36752}.Debug|Any CPU.ActiveCfg = Debug|Any CPU
		{07E24552-B311-495A-BB69-9F29E7D36752}.Debug|Any CPU.Build.0 = Debug|Any CPU
		{07E24552-B311-495A-BB69-9F29E7D36752}.Release|Any CPU.ActiveCfg = Release|Any CPU
		{07E24552-B311-495A-BB69-9F29E7D36752}.Release|Any CPU.Build.0 = Release|Any CPU
		{2DB3075B-AC8D-4A13-AAE8-41F749B4EA32}.Debug|Any CPU.ActiveCfg = Debug|Any CPU
		{2DB3075B-AC8D-4A13-AAE8-41F749B4EA32}.Debug|Any CPU.Build.0 = Debug|Any CPU
		{2DB3075B-AC8D-4A13-AAE8-41F749B4EA32}.Release|Any CPU.ActiveCfg = Release|Any CPU
		{2DB3075B-AC8D-4A13-AAE8-41F749B4EA32}.Release|Any CPU.Build.0 = Release|Any CPU
		{C95AC181-1E3F-4B9D-BE41-0B95199E47FF}.Debug|Any CPU.ActiveCfg = Debug|Any CPU
		{C95AC181-1E3F-4B9D-BE41-0B95199E47FF}.Debug|Any CPU.Build.0 = Debug|Any CPU
		{C95AC181-1E3F-4B9D-BE41-0B95199E47FF}.Release|Any CPU.ActiveCfg = Release|Any CPU
		{C95AC181-1E3F-4B9D-BE41-0B95199E47FF}.Release|Any CPU.Build.0 = Release|Any CPU
		{DCACAEEB-1B1E-40F4-ACD8-77E9A26C6395}.Debug|Any CPU.ActiveCfg = Debug|Any CPU
		{DCACAEEB-1B1E-40F4-ACD8-77E9A26C6395}.Debug|Any CPU.Build.0 = Debug|Any CPU
		{DCACAEEB-1B1E-40F4-ACD8-77E9A26C6395}.Release|Any CPU.ActiveCfg = Release|Any CPU
		{DCACAEEB-1B1E-40F4-ACD8-77E9A26C6395}.Release|Any CPU.Build.0 = Release|Any CPU
		{877B5B56-1DA0-4C6E-B160-1CF03AF182C1}.Debug|Any CPU.ActiveCfg = Debug|Any CPU
		{877B5B56-1DA0-4C6E-B160-1CF03AF182C1}.Debug|Any CPU.Build.0 = Debug|Any CPU
		{877B5B56-1DA0-4C6E-B160-1CF03AF182C1}.Release|Any CPU.ActiveCfg = Release|Any CPU
		{877B5B56-1DA0-4C6E-B160-1CF03AF182C1}.Release|Any CPU.Build.0 = Release|Any CPU
	EndGlobalSection
	GlobalSection(SolutionProperties) = preSolution
		HideSolutionNode = FALSE
	EndGlobalSection
	GlobalSection(ExtensibilityGlobals) = postSolution
		SolutionGuid = {D5D85848-3DD9-45A1-A5F3-4A8CD10F5AAC}
	EndGlobalSection
EndGlobal
